
Microsoft Visual Studio Solution File, Format Version 12.00
# Visual Studio Version 16
VisualStudioVersion = 16.0.29806.167
MinimumVisualStudioVersion = 10.0.40219.1
Project("{9A19103F-16F7-4668-BE54-9A1E7A4F7556}") = "TodoManager.UI", "TodoManager.UI\TodoManager.UI.csproj", "{5DAD5C9D-ED26-4C75-AB92-346D67EA50BA}"
EndProject
Project("{FAE04EC0-301F-11D3-BF4B-00C04F79EFBC}") = "TodoManager.Data", "TodoManager.Data\TodoManager.Data.csproj", "{BE93845B-FF1B-433B-BED7-C5E57846A5D9}"
EndProject
Project("{FAE04EC0-301F-11D3-BF4B-00C04F79EFBC}") = "TodoManager.Services", "TodoManager.Services\TodoManager.Services.csproj", "{50C2B6D8-797E-458B-A737-790C78D25C99}"
EndProject
Project("{FAE04EC0-301F-11D3-BF4B-00C04F79EFBC}") = "TodoManager.Models", "TodoManager.Models\TodoManager.Models.csproj", "{828A4DA1-ABE8-4312-AE93-68025D253D29}"
EndProject
Project("{FAE04EC0-301F-11D3-BF4B-00C04F79EFBC}") = "TodoManager.Common", "TodoManager.Common\TodoManager.Common.csproj", "{31C4D267-1BD1-4E63-8736-38FFB0C74C44}"
EndProject
Global
	GlobalSection(SolutionConfigurationPlatforms) = preSolution
		Debug|Any CPU = Debug|Any CPU
		Release|Any CPU = Release|Any CPU
	EndGlobalSection
	GlobalSection(ProjectConfigurationPlatforms) = postSolution
		{5DAD5C9D-ED26-4C75-AB92-346D67EA50BA}.Debug|Any CPU.ActiveCfg = Debug|Any CPU
		{5DAD5C9D-ED26-4C75-AB92-346D67EA50BA}.Debug|Any CPU.Build.0 = Debug|Any CPU
		{5DAD5C9D-ED26-4C75-AB92-346D67EA50BA}.Release|Any CPU.ActiveCfg = Release|Any CPU
		{5DAD5C9D-ED26-4C75-AB92-346D67EA50BA}.Release|Any CPU.Build.0 = Release|Any CPU
		{BE93845B-FF1B-433B-BED7-C5E57846A5D9}.Debug|Any CPU.ActiveCfg = Debug|Any CPU
		{BE93845B-FF1B-433B-BED7-C5E57846A5D9}.Debug|Any CPU.Build.0 = Debug|Any CPU
		{BE93845B-FF1B-433B-BED7-C5E57846A5D9}.Release|Any CPU.ActiveCfg = Release|Any CPU
		{BE93845B-FF1B-433B-BED7-C5E57846A5D9}.Release|Any CPU.Build.0 = Release|Any CPU
		{50C2B6D8-797E-458B-A737-790C78D25C99}.Debug|Any CPU.ActiveCfg = Debug|Any CPU
		{50C2B6D8-797E-458B-A737-790C78D25C99}.Debug|Any CPU.Build.0 = Debug|Any CPU
		{50C2B6D8-797E-458B-A737-790C78D25C99}.Release|Any CPU.ActiveCfg = Release|Any CPU
		{50C2B6D8-797E-458B-A737-790C78D25C99}.Release|Any CPU.Build.0 = Release|Any CPU
		{828A4DA1-ABE8-4312-AE93-68025D253D29}.Debug|Any CPU.ActiveCfg = Debug|Any CPU
		{828A4DA1-ABE8-4312-AE93-68025D253D29}.Debug|Any CPU.Build.0 = Debug|Any CPU
		{828A4DA1-ABE8-4312-AE93-68025D253D29}.Release|Any CPU.ActiveCfg = Release|Any CPU
		{828A4DA1-ABE8-4312-AE93-68025D253D29}.Release|Any CPU.Build.0 = Release|Any CPU
		{31C4D267-1BD1-4E63-8736-38FFB0C74C44}.Debug|Any CPU.ActiveCfg = Debug|Any CPU
		{31C4D267-1BD1-4E63-8736-38FFB0C74C44}.Debug|Any CPU.Build.0 = Debug|Any CPU
		{31C4D267-1BD1-4E63-8736-38FFB0C74C44}.Release|Any CPU.ActiveCfg = Release|Any CPU
		{31C4D267-1BD1-4E63-8736-38FFB0C74C44}.Release|Any CPU.Build.0 = Release|Any CPU
	EndGlobalSection
	GlobalSection(SolutionProperties) = preSolution
		HideSolutionNode = FALSE
	EndGlobalSection
	GlobalSection(ExtensibilityGlobals) = postSolution
		SolutionGuid = {55980AF5-F899-4798-9626-E42AEABFBB5F}
	EndGlobalSection
EndGlobal
