
Microsoft Visual Studio Solution File, Format Version 12.00
# Visual Studio Version 16
VisualStudioVersion = 16.0.29806.167
MinimumVisualStudioVersion = 10.0.40219.1
Project("{9A19103F-16F7-4668-BE54-9A1E7A4F7556}") = "TodoManager.Domain", "TodoManager.Domain\TodoManager.Domain.csproj", "{3B593C67-FFC7-4584-92C9-765A53EB04B2}"
EndProject
Project("{9A19103F-16F7-4668-BE54-9A1E7A4F7556}") = "TodoManager.Application", "TodoManager.Application\TodoManager.Application.csproj", "{848CFE69-C2B9-4ACB-83BD-D83BFB92B335}"
EndProject
Project("{FAE04EC0-301F-11D3-BF4B-00C04F79EFBC}") = "TodoManager.Infrastructure", "ToDoManager.Infrastructure\TodoManager.Infrastructure.csproj", "{F5407720-33C4-4F56-83CD-F548E1B3CC6A}"
EndProject
Project("{FAE04EC0-301F-11D3-BF4B-00C04F79EFBC}") = "TodoManager.UI", "TodoManager.UI\TodoManager.UI.csproj", "{5DAD5C9D-ED26-4C75-AB92-346D67EA50BA}"
EndProject
Global
	GlobalSection(SolutionConfigurationPlatforms) = preSolution
		Debug|Any CPU = Debug|Any CPU
		Release|Any CPU = Release|Any CPU
	EndGlobalSection
	GlobalSection(ProjectConfigurationPlatforms) = postSolution
		{3B593C67-FFC7-4584-92C9-765A53EB04B2}.Debug|Any CPU.ActiveCfg = Debug|Any CPU
		{3B593C67-FFC7-4584-92C9-765A53EB04B2}.Debug|Any CPU.Build.0 = Debug|Any CPU
		{3B593C67-FFC7-4584-92C9-765A53EB04B2}.Release|Any CPU.ActiveCfg = Release|Any CPU
		{3B593C67-FFC7-4584-92C9-765A53EB04B2}.Release|Any CPU.Build.0 = Release|Any CPU
		{848CFE69-C2B9-4ACB-83BD-D83BFB92B335}.Debug|Any CPU.ActiveCfg = Debug|Any CPU
		{848CFE69-C2B9-4ACB-83BD-D83BFB92B335}.Debug|Any CPU.Build.0 = Debug|Any CPU
		{848CFE69-C2B9-4ACB-83BD-D83BFB92B335}.Release|Any CPU.ActiveCfg = Release|Any CPU
		{848CFE69-C2B9-4ACB-83BD-D83BFB92B335}.Release|Any CPU.Build.0 = Release|Any CPU
		{F5407720-33C4-4F56-83CD-F548E1B3CC6A}.Debug|Any CPU.ActiveCfg = Debug|Any CPU
		{F5407720-33C4-4F56-83CD-F548E1B3CC6A}.Debug|Any CPU.Build.0 = Debug|Any CPU
		{F5407720-33C4-4F56-83CD-F548E1B3CC6A}.Release|Any CPU.ActiveCfg = Release|Any CPU
		{F5407720-33C4-4F56-83CD-F548E1B3CC6A}.Release|Any CPU.Build.0 = Release|Any CPU
		{5DAD5C9D-ED26-4C75-AB92-346D67EA50BA}.Debug|Any CPU.ActiveCfg = Debug|Any CPU
		{5DAD5C9D-ED26-4C75-AB92-346D67EA50BA}.Debug|Any CPU.Build.0 = Debug|Any CPU
		{5DAD5C9D-ED26-4C75-AB92-346D67EA50BA}.Release|Any CPU.ActiveCfg = Release|Any CPU
		{5DAD5C9D-ED26-4C75-AB92-346D67EA50BA}.Release|Any CPU.Build.0 = Release|Any CPU
	EndGlobalSection
	GlobalSection(SolutionProperties) = preSolution
		HideSolutionNode = FALSE
	EndGlobalSection
	GlobalSection(ExtensibilityGlobals) = postSolution
		SolutionGuid = {55980AF5-F899-4798-9626-E42AEABFBB5F}
	EndGlobalSection
EndGlobal
